// !$*UTF8*$!
{
	archiveVersion = 1;
	classes = {
	};
	objectVersion = 50;
	objects = {

/* Begin PBXBuildFile section */
		049FCB6621D175400061CA4F /* ProductDetailsViewController.swift in Sources */ = {isa = PBXBuildFile; fileRef = 049FCB6521D175400061CA4F /* ProductDetailsViewController.swift */; };
		04ECB53521D12BE0003A6448 /* AppDelegate.swift in Sources */ = {isa = PBXBuildFile; fileRef = 04ECB53421D12BE0003A6448 /* AppDelegate.swift */; };
		04ECB53721D12BE0003A6448 /* ProductListViewController.swift in Sources */ = {isa = PBXBuildFile; fileRef = 04ECB53621D12BE0003A6448 /* ProductListViewController.swift */; };
		04ECB53A21D12BE0003A6448 /* Main.storyboard in Resources */ = {isa = PBXBuildFile; fileRef = 04ECB53821D12BE0003A6448 /* Main.storyboard */; };
		04ECB53C21D12BE4003A6448 /* Assets.xcassets in Resources */ = {isa = PBXBuildFile; fileRef = 04ECB53B21D12BE4003A6448 /* Assets.xcassets */; };
		04ECB53F21D12BE4003A6448 /* LaunchScreen.storyboard in Resources */ = {isa = PBXBuildFile; fileRef = 04ECB53D21D12BE4003A6448 /* LaunchScreen.storyboard */; };
/* End PBXBuildFile section */

/* Begin PBXFileReference section */
		049FCB6521D175400061CA4F /* ProductDetailsViewController.swift */ = {isa = PBXFileReference; lastKnownFileType = sourcecode.swift; path = ProductDetailsViewController.swift; sourceTree = "<group>"; };
		04ECB53121D12BE0003A6448 /* Sams Products.app */ = {isa = PBXFileReference; explicitFileType = wrapper.application; includeInIndex = 0; path = "Sams Products.app"; sourceTree = BUILT_PRODUCTS_DIR; };
		04ECB53421D12BE0003A6448 /* AppDelegate.swift */ = {isa = PBXFileReference; lastKnownFileType = sourcecode.swift; path = AppDelegate.swift; sourceTree = "<group>"; };
		04ECB53621D12BE0003A6448 /* ProductListViewController.swift */ = {isa = PBXFileReference; lastKnownFileType = sourcecode.swift; path = ProductListViewController.swift; sourceTree = "<group>"; };
		04ECB53921D12BE0003A6448 /* Base */ = {isa = PBXFileReference; lastKnownFileType = file.storyboard; name = Base; path = Base.lproj/Main.storyboard; sourceTree = "<group>"; };
		04ECB53B21D12BE4003A6448 /* Assets.xcassets */ = {isa = PBXFileReference; lastKnownFileType = folder.assetcatalog; path = Assets.xcassets; sourceTree = "<group>"; };
		04ECB53E21D12BE4003A6448 /* Base */ = {isa = PBXFileReference; lastKnownFileType = file.storyboard; name = Base; path = Base.lproj/LaunchScreen.storyboard; sourceTree = "<group>"; };
		04ECB54021D12BE4003A6448 /* Info.plist */ = {isa = PBXFileReference; lastKnownFileType = text.plist.xml; path = Info.plist; sourceTree = "<group>"; };
/* End PBXFileReference section */

/* Begin PBXFrameworksBuildPhase section */
		04ECB52E21D12BE0003A6448 /* Frameworks */ = {
			isa = PBXFrameworksBuildPhase;
			buildActionMask = 2147483647;
			files = (
			);
			runOnlyForDeploymentPostprocessing = 0;
		};
/* End PBXFrameworksBuildPhase section */

/* Begin PBXGroup section */
		049FCB6421D174190061CA4F /* ViewController */ = {
			isa = PBXGroup;
			children = (
				04ECB53621D12BE0003A6448 /* ProductListViewController.swift */,
				049FCB6521D175400061CA4F /* ProductDetailsViewController.swift */,
			);
			path = ViewController;
			sourceTree = "<group>";
		};
		04ECB52821D12BE0003A6448 = {
			isa = PBXGroup;
			children = (
				04ECB53321D12BE0003A6448 /* Sams Products */,
				04ECB53221D12BE0003A6448 /* Products */,
			);
			sourceTree = "<group>";
		};
		04ECB53221D12BE0003A6448 /* Products */ = {
			isa = PBXGroup;
			children = (
				04ECB53121D12BE0003A6448 /* Sams Products.app */,
			);
			name = Products;
			sourceTree = "<group>";
		};
		04ECB53321D12BE0003A6448 /* Sams Products */ = {
			isa = PBXGroup;
			children = (
				049FCB6421D174190061CA4F /* ViewController */,
				04ECB53421D12BE0003A6448 /* AppDelegate.swift */,
				04ECB53821D12BE0003A6448 /* Main.storyboard */,
				04ECB53B21D12BE4003A6448 /* Assets.xcassets */,
				04ECB53D21D12BE4003A6448 /* LaunchScreen.storyboard */,
				04ECB54021D12BE4003A6448 /* Info.plist */,
			);
			path = "Sams Products";
			sourceTree = "<group>";
		};
/* End PBXGroup section */

/* Begin PBXNativeTarget section */
		04ECB53021D12BE0003A6448 /* Sams Products */ = {
			isa = PBXNativeTarget;
			buildConfigurationList = 04ECB54321D12BE4003A6448 /* Build configuration list for PBXNativeTarget "Sams Products" */;
			buildPhases = (
				04ECB52D21D12BE0003A6448 /* Sources */,
				04ECB52E21D12BE0003A6448 /* Frameworks */,
				04ECB52F21D12BE0003A6448 /* Resources */,
			);
			buildRules = (
			);
			dependencies = (
			);
			name = "Sams Products";
			productName = "Sams Products";
			productReference = 04ECB53121D12BE0003A6448 /* Sams Products.app */;
			productType = "com.apple.product-type.application";
		};
/* End PBXNativeTarget section */

/* Begin PBXProject section */
		04ECB52921D12BE0003A6448 /* Project object */ = {
			isa = PBXProject;
			attributes = {
				LastSwiftUpdateCheck = 1010;
				LastUpgradeCheck = 1010;
				ORGANIZATIONNAME = Kelderth;
				TargetAttributes = {
					04ECB53021D12BE0003A6448 = {
						CreatedOnToolsVersion = 10.1;
					};
				};
			};
			buildConfigurationList = 04ECB52C21D12BE0003A6448 /* Build configuration list for PBXProject "Sams Products" */;
			compatibilityVersion = "Xcode 9.3";
			developmentRegion = en;
			hasScannedForEncodings = 0;
			knownRegions = (
				en,
				Base,
			);
			mainGroup = 04ECB52821D12BE0003A6448;
			productRefGroup = 04ECB53221D12BE0003A6448 /* Products */;
			projectDirPath = "";
			projectRoot = "";
			targets = (
				04ECB53021D12BE0003A6448 /* Sams Products */,
			);
		};
/* End PBXProject section */

/* Begin PBXResourcesBuildPhase section */
		04ECB52F21D12BE0003A6448 /* Resources */ = {
			isa = PBXResourcesBuildPhase;
			buildActionMask = 2147483647;
			files = (
				04ECB53F21D12BE4003A6448 /* LaunchScreen.storyboard in Resources */,
				04ECB53C21D12BE4003A6448 /* Assets.xcassets in Resources */,
				04ECB53A21D12BE0003A6448 /* Main.storyboard in Resources */,
			);
			runOnlyForDeploymentPostprocessing = 0;
		};
/* End PBXResourcesBuildPhase section */

/* Begin PBXSourcesBuildPhase section */
		04ECB52D21D12BE0003A6448 /* Sources */ = {
			isa = PBXSourcesBuildPhase;
			buildActionMask = 2147483647;
			files = (
				049FCB6621D175400061CA4F /* ProductDetailsViewController.swift in Sources */,
				04ECB53721D12BE0003A6448 /* ProductListViewController.swift in Sources */,
				04ECB53521D12BE0003A6448 /* AppDelegate.swift in Sources */,
			);
			runOnlyForDeploymentPostprocessing = 0;
		};
/* End PBXSourcesBuildPhase section */

/* Begin PBXVariantGroup section */
		04ECB53821D12BE0003A6448 /* Main.storyboard */ = {
			isa = PBXVariantGroup;
			children = (
				04ECB53921D12BE0003A6448 /* Base */,
			);
			name = Main.storyboard;
			sourceTree = "<group>";
		};
		04ECB53D21D12BE4003A6448 /* LaunchScreen.storyboard */ = {
			isa = PBXVariantGroup;
			children = (
				04ECB53E21D12BE4003A6448 /* Base */,
			);
			name = LaunchScreen.storyboard;
			sourceTree = "<group>";
		};
/* End PBXVariantGroup section */

/* Begin XCBuildConfiguration section */
		04ECB54121D12BE4003A6448 /* Debug */ = {
			isa = XCBuildConfiguration;
			buildSettings = {
				ALWAYS_SEARCH_USER_PATHS = NO;
				CLANG_ANALYZER_NONNULL = YES;
				CLANG_ANALYZER_NUMBER_OBJECT_CONVERSION = YES_AGGRESSIVE;
				CLANG_CXX_LANGUAGE_STANDARD = "gnu++14";
				CLANG_CXX_LIBRARY = "libc++";
				CLANG_ENABLE_MODULES = YES;
				CLANG_ENABLE_OBJC_ARC = YES;
				CLANG_ENABLE_OBJC_WEAK = YES;
				CLANG_WARN_BLOCK_CAPTURE_AUTORELEASING = YES;
				CLANG_WARN_BOOL_CONVERSION = YES;
				CLANG_WARN_COMMA = YES;
				CLANG_WARN_CONSTANT_CONVERSION = YES;
				CLANG_WARN_DEPRECATED_OBJC_IMPLEMENTATIONS = YES;
				CLANG_WARN_DIRECT_OBJC_ISA_USAGE = YES_ERROR;
				CLANG_WARN_DOCUMENTATION_COMMENTS = YES;
				CLANG_WARN_EMPTY_BODY = YES;
				CLANG_WARN_ENUM_CONVERSION = YES;
				CLANG_WARN_INFINITE_RECURSION = YES;
				CLANG_WARN_INT_CONVERSION = YES;
				CLANG_WARN_NON_LITERAL_NULL_CONVERSION = YES;
				CLANG_WARN_OBJC_IMPLICIT_RETAIN_SELF = YES;
				CLANG_WARN_OBJC_LITERAL_CONVERSION = YES;
				CLANG_WARN_OBJC_ROOT_CLASS = YES_ERROR;
				CLANG_WARN_RANGE_LOOP_ANALYSIS = YES;
				CLANG_WARN_STRICT_PROTOTYPES = YES;
				CLANG_WARN_SUSPICIOUS_MOVE = YES;
				CLANG_WARN_UNGUARDED_AVAILABILITY = YES_AGGRESSIVE;
				CLANG_WARN_UNREACHABLE_CODE = YES;
				CLANG_WARN__DUPLICATE_METHOD_MATCH = YES;
				CODE_SIGN_IDENTITY = "iPhone Developer";
				COPY_PHASE_STRIP = NO;
				DEBUG_INFORMATION_FORMAT = dwarf;
				ENABLE_STRICT_OBJC_MSGSEND = YES;
				ENABLE_TESTABILITY = YES;
				GCC_C_LANGUAGE_STANDARD = gnu11;
				GCC_DYNAMIC_NO_PIC = NO;
				GCC_NO_COMMON_BLOCKS = YES;
				GCC_OPTIMIZATION_LEVEL = 0;
				GCC_PREPROCESSOR_DEFINITIONS = (
					"DEBUG=1",
					"$(inherited)",
				);
				GCC_WARN_64_TO_32_BIT_CONVERSION = YES;
				GCC_WARN_ABOUT_RETURN_TYPE = YES_ERROR;
				GCC_WARN_UNDECLARED_SELECTOR = YES;
				GCC_WARN_UNINITIALIZED_AUTOS = YES_AGGRESSIVE;
				GCC_WARN_UNUSED_FUNCTION = YES;
				GCC_WARN_UNUSED_VARIABLE = YES;
				IPHONEOS_DEPLOYMENT_TARGET = 12.1;
				MTL_ENABLE_DEBUG_INFO = INCLUDE_SOURCE;
				MTL_FAST_MATH = YES;
				ONLY_ACTIVE_ARCH = YES;
				SDKROOT = iphoneos;
				SWIFT_ACTIVE_COMPILATION_CONDITIONS = DEBUG;
				SWIFT_OPTIMIZATION_LEVEL = "-Onone";
			};
			name = Debug;
		};
		04ECB54221D12BE4003A6448 /* Release */ = {
			isa = XCBuildConfiguration;
			buildSettings = {
				ALWAYS_SEARCH_USER_PATHS = NO;
				CLANG_ANALYZER_NONNULL = YES;
				CLANG_ANALYZER_NUMBER_OBJECT_CONVERSION = YES_AGGRESSIVE;
				CLANG_CXX_LANGUAGE_STANDARD = "gnu++14";
				CLANG_CXX_LIBRARY = "libc++";
				CLANG_ENABLE_MODULES = YES;
				CLANG_ENABLE_OBJC_ARC = YES;
				CLANG_ENABLE_OBJC_WEAK = YES;
				CLANG_WARN_BLOCK_CAPTURE_AUTORELEASING = YES;
				CLANG_WARN_BOOL_CONVERSION = YES;
				CLANG_WARN_COMMA = YES;
				CLANG_WARN_CONSTANT_CONVERSION = YES;
				CLANG_WARN_DEPRECATED_OBJC_IMPLEMENTATIONS = YES;
				CLANG_WARN_DIRECT_OBJC_ISA_USAGE = YES_ERROR;
				CLANG_WARN_DOCUMENTATION_COMMENTS = YES;
				CLANG_WARN_EMPTY_BODY = YES;
				CLANG_WARN_ENUM_CONVERSION = YES;
				CLANG_WARN_INFINITE_RECURSION = YES;
				CLANG_WARN_INT_CONVERSION = YES;
				CLANG_WARN_NON_LITERAL_NULL_CONVERSION = YES;
				CLANG_WARN_OBJC_IMPLICIT_RETAIN_SELF = YES;
				CLANG_WARN_OBJC_LITERAL_CONVERSION = YES;
				CLANG_WARN_OBJC_ROOT_CLASS = YES_ERROR;
				CLANG_WARN_RANGE_LOOP_ANALYSIS = YES;
				CLANG_WARN_STRICT_PROTOTYPES = YES;
				CLANG_WARN_SUSPICIOUS_MOVE = YES;
				CLANG_WARN_UNGUARDED_AVAILABILITY = YES_AGGRESSIVE;
				CLANG_WARN_UNREACHABLE_CODE = YES;
				CLANG_WARN__DUPLICATE_METHOD_MATCH = YES;
				CODE_SIGN_IDENTITY = "iPhone Developer";
				COPY_PHASE_STRIP = NO;
				DEBUG_INFORMATION_FORMAT = "dwarf-with-dsym";
				ENABLE_NS_ASSERTIONS = NO;
				ENABLE_STRICT_OBJC_MSGSEND = YES;
				GCC_C_LANGUAGE_STANDARD = gnu11;
				GCC_NO_COMMON_BLOCKS = YES;
				GCC_WARN_64_TO_32_BIT_CONVERSION = YES;
				GCC_WARN_ABOUT_RETURN_TYPE = YES_ERROR;
				GCC_WARN_UNDECLARED_SELECTOR = YES;
				GCC_WARN_UNINITIALIZED_AUTOS = YES_AGGRESSIVE;
				GCC_WARN_UNUSED_FUNCTION = YES;
				GCC_WARN_UNUSED_VARIABLE = YES;
				IPHONEOS_DEPLOYMENT_TARGET = 12.1;
				MTL_ENABLE_DEBUG_INFO = NO;
				MTL_FAST_MATH = YES;
				SDKROOT = iphoneos;
				SWIFT_COMPILATION_MODE = wholemodule;
				SWIFT_OPTIMIZATION_LEVEL = "-O";
				VALIDATE_PRODUCT = YES;
			};
			name = Release;
		};
		04ECB54421D12BE4003A6448 /* Debug */ = {
			isa = XCBuildConfiguration;
			buildSettings = {
				ASSETCATALOG_COMPILER_APPICON_NAME = AppIcon;
				CODE_SIGN_STYLE = Automatic;
				INFOPLIST_FILE = "Sams Products/Info.plist";
				LD_RUNPATH_SEARCH_PATHS = (
					"$(inherited)",
					"@executable_path/Frameworks",
				);
				PRODUCT_BUNDLE_IDENTIFIER = "com.KelderthLabs.Sams-Products";
				PRODUCT_NAME = "$(TARGET_NAME)";
				SWIFT_VERSION = 4.2;
				TARGETED_DEVICE_FAMILY = "1,2";
			};
			name = Debug;
		};
		04ECB54521D12BE4003A6448 /* Release */ = {
			isa = XCBuildConfiguration;
			buildSettings = {
				ASSETCATALOG_COMPILER_APPICON_NAME = AppIcon;
				CODE_SIGN_STYLE = Automatic;
				INFOPLIST_FILE = "Sams Products/Info.plist";
				LD_RUNPATH_SEARCH_PATHS = (
					"$(inherited)",
					"@executable_path/Frameworks",
				);
				PRODUCT_BUNDLE_IDENTIFIER = "com.KelderthLabs.Sams-Products";
				PRODUCT_NAME = "$(TARGET_NAME)";
				SWIFT_VERSION = 4.2;
				TARGETED_DEVICE_FAMILY = "1,2";
			};
			name = Release;
		};
/* End XCBuildConfiguration section */

/* Begin XCConfigurationList section */
		04ECB52C21D12BE0003A6448 /* Build configuration list for PBXProject "Sams Products" */ = {
			isa = XCConfigurationList;
			buildConfigurations = (
				04ECB54121D12BE4003A6448 /* Debug */,
				04ECB54221D12BE4003A6448 /* Release */,
			);
			defaultConfigurationIsVisible = 0;
			defaultConfigurationName = Release;
		};
		04ECB54321D12BE4003A6448 /* Build configuration list for PBXNativeTarget "Sams Products" */ = {
			isa = XCConfigurationList;
			buildConfigurations = (
				04ECB54421D12BE4003A6448 /* Debug */,
				04ECB54521D12BE4003A6448 /* Release */,
			);
			defaultConfigurationIsVisible = 0;
			defaultConfigurationName = Release;
		};
/* End XCConfigurationList section */
	};
	rootObject = 04ECB52921D12BE0003A6448 /* Project object */;
}
